
Microsoft Visual Studio Solution File, Format Version 12.00
# Visual Studio Version 17
VisualStudioVersion = 17.11.35303.130
MinimumVisualStudioVersion = 10.0.40219.1
Project("{888888A0-9F3D-457C-B088-3A5042F75D52}") = "deepseekLocalUsage", "deepseekLocalUsage.pyproj", "{CFF98750-2113-474B-B64C-B44F72DB2648}"
EndProject
Global
	GlobalSection(SolutionConfigurationPlatforms) = preSolution
		Debug|Any CPU = Debug|Any CPU
		Release|Any CPU = Release|Any CPU
	EndGlobalSection
	GlobalSection(ProjectConfigurationPlatforms) = postSolution
		{CFF98750-2113-474B-B64C-B44F72DB2648}.Debug|Any CPU.ActiveCfg = Debug|Any CPU
		{CFF98750-2113-474B-B64C-B44F72DB2648}.Release|Any CPU.ActiveCfg = Release|Any CPU
	EndGlobalSection
	GlobalSection(SolutionProperties) = preSolution
		HideSolutionNode = FALSE
	EndGlobalSection
	GlobalSection(ExtensibilityGlobals) = postSolution
		SolutionGuid = {7C16D5DC-4565-4630-B2FE-82C42E6925C0}
	EndGlobalSection
EndGlobal
